
Microsoft Visual Studio Solution File, Format Version 12.00
# Visual Studio Version 16
VisualStudioVersion = 16.0.31911.196
MinimumVisualStudioVersion = 10.0.40219.1
Project("{FAE04EC0-301F-11D3-BF4B-00C04F79EFBC}") = "GtaScript", "gta scripting\GtaScript.csproj", "{11F6DE0A-097A-49A0-AAF3-633D0FEB2AC3}"
EndProject
Project("{FAE04EC0-301F-11D3-BF4B-00C04F79EFBC}") = "GtaTestProject", "GtaTestProject\GtaTestProject.csproj", "{83CD64FD-C50B-4066-8748-B82181C5EEA8}"
EndProject
Project("{FAE04EC0-301F-11D3-BF4B-00C04F79EFBC}") = "consoleTest", "consoleTest\consoleTest.csproj", "{207CBA62-F5ED-4009-B108-D1E5C6363247}"
EndProject
Global
	GlobalSection(SolutionConfigurationPlatforms) = preSolution
		Debug|Any CPU = Debug|Any CPU
		Release|Any CPU = Release|Any CPU
	EndGlobalSection
	GlobalSection(ProjectConfigurationPlatforms) = postSolution
		{11F6DE0A-097A-49A0-AAF3-633D0FEB2AC3}.Debug|Any CPU.ActiveCfg = Debug|Any CPU
		{11F6DE0A-097A-49A0-AAF3-633D0FEB2AC3}.Debug|Any CPU.Build.0 = Debug|Any CPU
		{11F6DE0A-097A-49A0-AAF3-633D0FEB2AC3}.Release|Any CPU.ActiveCfg = Release|Any CPU
		{11F6DE0A-097A-49A0-AAF3-633D0FEB2AC3}.Release|Any CPU.Build.0 = Release|Any CPU
		{83CD64FD-C50B-4066-8748-B82181C5EEA8}.Debug|Any CPU.ActiveCfg = Debug|Any CPU
		{83CD64FD-C50B-4066-8748-B82181C5EEA8}.Debug|Any CPU.Build.0 = Debug|Any CPU
		{83CD64FD-C50B-4066-8748-B82181C5EEA8}.Release|Any CPU.ActiveCfg = Release|Any CPU
		{83CD64FD-C50B-4066-8748-B82181C5EEA8}.Release|Any CPU.Build.0 = Release|Any CPU
		{207CBA62-F5ED-4009-B108-D1E5C6363247}.Debug|Any CPU.ActiveCfg = Debug|Any CPU
		{207CBA62-F5ED-4009-B108-D1E5C6363247}.Debug|Any CPU.Build.0 = Debug|Any CPU
		{207CBA62-F5ED-4009-B108-D1E5C6363247}.Release|Any CPU.ActiveCfg = Release|Any CPU
		{207CBA62-F5ED-4009-B108-D1E5C6363247}.Release|Any CPU.Build.0 = Release|Any CPU
	EndGlobalSection
	GlobalSection(SolutionProperties) = preSolution
		HideSolutionNode = FALSE
	EndGlobalSection
	GlobalSection(ExtensibilityGlobals) = postSolution
		SolutionGuid = {68526D0B-8D26-48CE-8CBA-65370EC0A45B}
	EndGlobalSection
EndGlobal
